<?xml version="1.0" encoding="utf-8"?>
<Project ToolsVersion="4.0" xmlns="http://schemas.microsoft.com/developer/msbuild/2003">
  <ItemGroup>
    <ClCompile Include="core\hooks\hooks.cpp" />
    <ClCompile Include="core\interfaces\interfaces.cpp" />
    <ClCompile Include="core\netvars\netvars.cpp" />
    <ClCompile Include="core\patterns\patterns.cpp" />
    <ClCompile Include="core\scripting\scripting.cpp" />
    <ClCompile Include="core\settings\settings.cpp" />
    <ClCompile Include="engine\easing\easing.cpp" />
    <ClCompile Include="engine\input\input.cpp" />
    <ClCompile Include="engine\logging\logging.cpp" />
    <ClCompile Include="engine\math\math.cpp" />
    <ClCompile Include="engine\pe\pe.cpp" />
    <ClCompile Include="engine\render\render.cpp" />
    <ClCompile Include="features\assistance\legitbot.cpp" />
    <ClCompile Include="hooks\create_move.cpp" />
    <ClCompile Include="hooks\do_post_screen_effects.cpp" />
    <ClCompile Include="hooks\draw_model_execute.cpp" />
    <ClCompile Include="hooks\emit_sound.cpp" />
    <ClCompile Include="hooks\fire_event_client_side.cpp" />
    <ClCompile Include="hooks\frame_stage_notify.cpp" />
    <ClCompile Include="hooks\get_player_info.cpp" />
    <ClCompile Include="hooks\is_connected.cpp" />
    <ClCompile Include="hooks\is_playing_demo.cpp" />
    <ClCompile Include="hooks\level_init_post_entity.cpp" />
    <ClCompile Include="hooks\level_shutdown_pre_entity.cpp" />
    <ClCompile Include="hooks\list_leaves_in_box.cpp" />
    <ClCompile Include="hooks\lock_cursor.cpp" />
    <ClCompile Include="hooks\override_mouse_input.cpp" />
    <ClCompile Include="hooks\override_view.cpp" />
    <ClCompile Include="hooks\present.cpp" />
    <ClCompile Include="main.cpp" />
    <ClCompile Include="core\cheat\cheat.cpp" />
    <ClCompile Include="core\exports\exports.cpp" />
    <ClCompile Include="source engine\sdk.cpp" />
    <ClCompile Include="features\assistance\triggerbot\triggerbot.cpp" />
    <ClCompile Include="core\util\util.cpp" />
    <ClCompile Include="features\hitchance\hitchance.cpp" />
    <ClCompile Include="features\assistance\lagcompensation\lag_comp.cpp" />
    <ClCompile Include="features\miscellaneous\miscellaneous.cpp" />
    <ClCompile Include="features\movement\engine prediction\engine_prediction.cpp" />
    <ClCompile Include="features\movement\movement.cpp" />
    <ClCompile Include="features\lagcompensation\lagcompensation.cpp" />
    <ClCompile Include="hooks\get_screen_aspect_ratio.cpp" />
    <ClCompile Include="gui\button\button.cpp" />
    <ClCompile Include="gui\category\category.cpp" />
    <ClCompile Include="gui\checkbox\checkbox.cpp" />
    <ClCompile Include="gui\color_picker\color_picker.cpp" />
    <ClCompile Include="gui\group\group.cpp" />
    <ClCompile Include="gui\key_bind\key_bind.cpp" />
    <ClCompile Include="gui\select\select.cpp" />
    <ClCompile Include="gui\slider\slider.cpp" />
    <ClCompile Include="gui\tab\tab.cpp" />
    <ClCompile Include="gui\text_input\text_input.cpp" />
    <ClCompile Include="gui\window\window.cpp" />
    <ClCompile Include="gui\base_element.cpp" />
    <ClCompile Include="ui\ui.cpp" />
    <ClCompile Include="thirdparty\layout\layout.cpp" />
    <ClCompile Include="features\fake ping\fake_ping.cpp" />
    <ClCompile Include="hooks\send_datagram.cpp" />
    <ClCompile Include="features\visuals\entities\esp.cpp" />
    <ClCompile Include="hooks\override_config.cpp" />
    <ClCompile Include="features\visuals\world\world.cpp" />
    <ClCompile Include="features\game events\game_events.cpp" />
    <ClCompile Include="features\game events\event_listener.cpp" />
    <ClCompile Include="features\game events\damage logs\damage_logs.cpp" />
    <ClCompile Include="hooks\write_user_cmd_delta_to_buffer.cpp" />
    <ClCompile Include="features\inventory changer\skin_changer.cpp" />
    <ClCompile Include="features\inventory changer\item_definitions.cpp" />
    <ClCompile Include="features\inventory changer\kit_parser.cpp" />
    <ClCompile Include="features\nade prediction\nade_prediction.cpp" />
    <ClCompile Include="lua\lua_game.cpp" />
    <ClCompile Include="lua\lua_callback.cpp" />
    <ClCompile Include="lua\lua_context.cpp" />
    <ClCompile Include="lua\lua_handler.cpp" />
    <ClCompile Include="features\visuals\world\weather.cpp" />
    <ClCompile Include="core\v2 exports\v2 exports.cpp" />
    <ClCompile Include="hooks\enable_world_fog.cpp" />
    <ClCompile Include="hooks\draw_print_text.cpp" />
    <ClCompile Include="hooks\get_demo_playback_parameters.cpp" />
    <ClCompile Include="hooks\engine_paint.cpp" />
    <ClCompile Include="hooks\screen_size_changed.cpp" />
    <ClCompile Include="hooks\push_notice.cpp" />
    <ClCompile Include="features\game events\inferno\inferno.cpp" />
    <ClCompile Include="features\game events\footsteps\footsteps.cpp" />
    <ClCompile Include="features\game events\smoke\smoke.cpp" />
    <ClCompile Include="features\game events\decoy\decoy.cpp" />
    <ClCompile Include="hooks\play_step_sound.cpp" />
    <ClCompile Include="engine\debug\debug_overlay.cpp" />
    <ClCompile Include="hooks\calc_view.cpp" />
    <ClCompile Include="gui\label\label.cpp" />
    <ClCompile Include="hooks\get_color_modulation.cpp" />
    <ClCompile Include="hooks\is_using_static_prop_debug_modes.cpp" />
    <ClCompile Include="hooks\reset.cpp" />
    <ClCompile Include="hooks\shutdown.cpp" />
    <ClCompile Include="engine\security\security.cpp" />
  </ItemGroup>
  <ItemGroup>
    <ClInclude Include="core\hooks\hooks.h" />
    <ClInclude Include="core\interfaces\interfaces.h" />
    <ClInclude Include="core\netvars\netvars.h" />
    <ClInclude Include="core\patterns\patterns.h" />
    <ClInclude Include="core\scripting\scripting.h" />
    <ClInclude Include="core\settings\settings.h" />
    <ClInclude Include="engine\easing\easing.h" />
    <ClInclude Include="engine\hash\crc32.h" />
    <ClInclude Include="engine\hash\hash.h" />
    <ClInclude Include="engine\input\input.h" />
    <ClInclude Include="engine\logging\logging.h" />
    <ClInclude Include="engine\math\math.h" />
    <ClInclude Include="engine\pe\pe.h" />
    <ClInclude Include="engine\render\render.h" />
    <ClInclude Include="engine\security\xorstr.h" />
    <ClInclude Include="core\cheat\cheat.h" />
    <ClInclude Include="core\exports\exports.h" />
    <ClInclude Include="features\assistance\legitbot.h" />
    <ClInclude Include="resources\cerebri_sans_medium_ttf.h" />
    <ClInclude Include="resources\cerebri_sans_regular_ttf.h" />
    <ClInclude Include="resources\csgo_icons.h" />
    <ClInclude Include="resources\csgo_icons_ttf.h" />
    <ClInclude Include="resources\fa_brands_400_ttf.h" />
    <ClInclude Include="resources\fa_regular_400_ttf.h" />
    <ClInclude Include="resources\fa_solid_900_ttf.h" />
    <ClInclude Include="resources\font_awesome.h" />
    <ClInclude Include="resources\mw_logo_png.h" />
    <ClInclude Include="source engine\client_class.h" />
    <ClInclude Include="source engine\client_dll.h" />
    <ClInclude Include="source engine\color.h" />
    <ClInclude Include="source engine\cvar.h" />
    <ClInclude Include="source engine\debug_overlay.h" />
    <ClInclude Include="source engine\engine_client.h" />
    <ClInclude Include="source engine\entity.h" />
    <ClInclude Include="source engine\globals.h" />
    <ClInclude Include="source engine\input.h" />
    <ClInclude Include="source engine\leaf_system.h" />
    <ClInclude Include="source engine\macros.h" />
    <ClInclude Include="source engine\model_info.h" />
    <ClInclude Include="source engine\recv_props.h" />
    <ClInclude Include="source engine\panorama.h" />
    <ClInclude Include="source engine\studio.h" />
    <ClInclude Include="source engine\trace.h" />
    <ClInclude Include="source engine\vector.h" />
    <ClInclude Include="source engine\vgui.h" />
    <ClInclude Include="source engine\view_setup.h" />
    <ClInclude Include="source engine\weapon_info.h" />
    <ClInclude Include="source engine\weapon_system.h" />
    <ClInclude Include="features\assistance\triggerbot\triggerbot.h" />
    <ClInclude Include="source engine\network_channel.h" />
    <ClInclude Include="core\util\util.h" />
    <ClInclude Include="source engine\util_vector.h" />
    <ClInclude Include="features\hitchance\hitchance.h" />
    <ClInclude Include="features\assistance\lagcompensation\lag_comp.h" />
    <ClInclude Include="features\miscellaneous\miscellaneous.h" />
    <ClInclude Include="source engine\engine_sound.h" />
    <ClInclude Include="source engine\model_render.h" />
    <ClInclude Include="source engine\material.h" />
    <ClInclude Include="features\movement\movement.h" />
    <ClInclude Include="features\movement\engine prediction\engine_prediction.h" />
    <ClInclude Include="source engine\client_prediction.h" />
    <ClInclude Include="features\lagcompensation\lagcompensation.h" />
    <ClInclude Include="source engine\material_system.h" />
    <ClInclude Include="source engine\material_handle.h" />
    <ClInclude Include="gui\button\button.h" />
    <ClInclude Include="gui\category\category.h" />
    <ClInclude Include="gui\checkbox\checkbox.h" />
    <ClInclude Include="gui\color_picker\color_picker.h" />
    <ClInclude Include="gui\group\group.h" />
    <ClInclude Include="gui\key_bind\key_bind.h" />
    <ClInclude Include="gui\select\select.h" />
    <ClInclude Include="gui\slider\slider.h" />
    <ClInclude Include="gui\tab\tab.h" />
    <ClInclude Include="gui\text_input\text_input.h" />
    <ClInclude Include="gui\window\window.h" />
    <ClInclude Include="gui\base_element.h" />
    <ClInclude Include="ui\ui.h" />
    <ClInclude Include="thirdparty\layout\layout.h" />
    <ClInclude Include="thirdparty\layout.h" />
    <ClInclude Include="resources\transparency_checkerboard_png.h" />
    <ClInclude Include="resources\trollface_png.h" />
    <ClInclude Include="source engine\matrix.h" />
    <ClInclude Include="features\fake ping\fake_ping.h" />
    <ClInclude Include="source engine\effects.h" />
    <ClInclude Include="source engine\game_events.h" />
    <ClInclude Include="features\visuals\entities\esp.h" />
    <ClInclude Include="source engine\localize.h" />
    <ClInclude Include="source engine\material_system_config.h" />
    <ClInclude Include="features\visuals\world\world.h" />
    <ClInclude Include="features\game events\game_events.h" />
    <ClInclude Include="features\game events\damage logs\damage_logs.h" />
    <ClInclude Include="source engine\game_types.h" />
    <ClInclude Include="features\inventory changer\skin_changer.h" />
    <ClInclude Include="source engine\econ_item.h" />
    <ClInclude Include="features\inventory changer\item_definitions.h" />
    <ClInclude Include="features\inventory changer\kit_parser.h" />
    <ClInclude Include="source engine\player_inventory.h" />
    <ClInclude Include="features\nade prediction\nade_prediction.h" />
    <ClInclude Include="lua\lua_internal.hpp" />
    <ClInclude Include="lua\lua_game.hpp" />
    <ClInclude Include="lua\lua_callback.hpp" />
    <ClInclude Include="lua\lua_context.hpp" />
    <ClInclude Include="lua\lua_handler.hpp" />
    <ClInclude Include="lua\tables\lua_client.hpp" />
    <ClInclude Include="lua\tables\lua_cvar.hpp" />
    <ClInclude Include="lua\tables\lua_draw.hpp" />
    <ClInclude Include="lua\tables\lua_entity.hpp" />
    <ClInclude Include="lua\types\lua_color.hpp" />
    <ClInclude Include="lua\types\lua_vec2d.hpp" />
    <ClInclude Include="lua\types\lua_vec3d.hpp" />
    <ClInclude Include="thirdparty\nanosvg\nanosvg.h" />
    <ClInclude Include="thirdparty\nanosvg\nanosvgrast.h" />
    <ClInclude Include="source engine\render_beams.h" />
    <ClInclude Include="features\visuals\world\weather.h" />
    <ClInclude Include="core\v2 exports\v2 exports.h" />
    <ClInclude Include="source engine\key_values.h" />
    <ClInclude Include="source engine\glow_object_definition.h" />
    <ClInclude Include="source engine\client_mode_shared.h" />
    <ClInclude Include="lua\tables\lua_input.hpp" />
    <ClInclude Include="features\game events\inferno\inferno.h" />
    <ClInclude Include="source engine\filesystem.h" />
    <ClInclude Include="features\game events\footsteps\footsteps.h" />
    <ClInclude Include="features\game events\smoke\smoke.h" />
    <ClInclude Include="features\game events\decoy\decoy.h" />
    <ClInclude Include="engine\debug\debug_overlay.h" />
    <ClInclude Include="gui\label\label.h" />
    <ClInclude Include="core\hooks\hook.h" />
    <ClInclude Include="engine\security\security.h" />
  </ItemGroup>
</Project>